
Microsoft Visual Studio Solution File, Format Version 12.00
# Visual Studio Version 17
VisualStudioVersion = 17.11.35222.181
MinimumVisualStudioVersion = 10.0.40219.1
Project("{FAE04EC0-301F-11D3-BF4B-00C04F79EFBC}") = "GestorInventariosDestinoAPI", "GestorInventariosDestinoAPI\GestorInventariosDestinoAPI.csproj", "{9C56AB00-AE35-4A65-8F2A-9FB715FA76A0}"
EndProject
Project("{FAE04EC0-301F-11D3-BF4B-00C04F79EFBC}") = "GI.GestorInventario.Model", "GI.GestorInventario.Model\GI.GestorInventario.Model.csproj", "{087A7D47-0A14-4393-8523-D02A815CC6A3}"
EndProject
Global
	GlobalSection(SolutionConfigurationPlatforms) = preSolution
		Debug|Any CPU = Debug|Any CPU
		Release|Any CPU = Release|Any CPU
	EndGlobalSection
	GlobalSection(ProjectConfigurationPlatforms) = postSolution
		{9C56AB00-AE35-4A65-8F2A-9FB715FA76A0}.Debug|Any CPU.ActiveCfg = Debug|Any CPU
		{9C56AB00-AE35-4A65-8F2A-9FB715FA76A0}.Debug|Any CPU.Build.0 = Debug|Any CPU
		{9C56AB00-AE35-4A65-8F2A-9FB715FA76A0}.Release|Any CPU.ActiveCfg = Release|Any CPU
		{9C56AB00-AE35-4A65-8F2A-9FB715FA76A0}.Release|Any CPU.Build.0 = Release|Any CPU
		{087A7D47-0A14-4393-8523-D02A815CC6A3}.Debug|Any CPU.ActiveCfg = Debug|Any CPU
		{087A7D47-0A14-4393-8523-D02A815CC6A3}.Debug|Any CPU.Build.0 = Debug|Any CPU
		{087A7D47-0A14-4393-8523-D02A815CC6A3}.Release|Any CPU.ActiveCfg = Release|Any CPU
		{087A7D47-0A14-4393-8523-D02A815CC6A3}.Release|Any CPU.Build.0 = Release|Any CPU
	EndGlobalSection
	GlobalSection(SolutionProperties) = preSolution
		HideSolutionNode = FALSE
	EndGlobalSection
	GlobalSection(ExtensibilityGlobals) = postSolution
		SolutionGuid = {C9636F28-9BF7-4A2A-AEA2-150A5657C33F}
	EndGlobalSection
EndGlobal
